// !$*UTF8*$!
{
	archiveVersion = 1;
	classes = {
	};
	objectVersion = 52;
	objects = {

/* Begin PBXBuildFile section */
		37FC8732BC9A734E14188581 /* libPods-WeatherApp.a in Frameworks */ = {isa = PBXBuildFile; fileRef = 279C61E8A18DE2062D5A6D1D /* libPods-WeatherApp.a */; };
		4787D2FA7B71604F78600830 /* libPods-WeatherAppUITests.a in Frameworks */ = {isa = PBXBuildFile; fileRef = A26F4D34E05E76AD2EDAA45F /* libPods-WeatherAppUITests.a */; };
		B7388E6D26B5A59100B2763A /* CityInfo.swift in Sources */ = {isa = PBXBuildFile; fileRef = B7388E6C26B5A59100B2763A /* CityInfo.swift */; };
		B7388E7026B5C34000B2763A /* WeatherResponse.swift in Sources */ = {isa = PBXBuildFile; fileRef = B7388E6F26B5C34000B2763A /* WeatherResponse.swift */; };
		B7388E7226B5CD2800B2763A /* WeatherServices.swift in Sources */ = {isa = PBXBuildFile; fileRef = B7388E7126B5CD2800B2763A /* WeatherServices.swift */; };
		B7388E7426B5D05200B2763A /* WeatherCondition.swift in Sources */ = {isa = PBXBuildFile; fileRef = B7388E7326B5D05200B2763A /* WeatherCondition.swift */; };
		B7388E7626B5F17800B2763A /* AlertProvider.swift in Sources */ = {isa = PBXBuildFile; fileRef = B7388E7526B5F17800B2763A /* AlertProvider.swift */; };
		B7388E7826B5F6E800B2763A /* CitySearchAssembly.swift in Sources */ = {isa = PBXBuildFile; fileRef = B7388E7726B5F6E800B2763A /* CitySearchAssembly.swift */; };
		B7388E7B26B67CDB00B2763A /* Localizable.strings in Resources */ = {isa = PBXBuildFile; fileRef = B7388E7D26B67CDB00B2763A /* Localizable.strings */; };
		B7388E8126B68A6B00B2763A /* AppFont.swift in Sources */ = {isa = PBXBuildFile; fileRef = B7388E8026B68A6B00B2763A /* AppFont.swift */; };
		B7388E8326B6927600B2763A /* WeatherDecorator.swift in Sources */ = {isa = PBXBuildFile; fileRef = B7388E8226B6927600B2763A /* WeatherDecorator.swift */; };
		B7388E8626B693F200B2763A /* Logger.swift in Sources */ = {isa = PBXBuildFile; fileRef = B7388E8526B693F200B2763A /* Logger.swift */; };
		B7388E8A26B6A1C200B2763A /* UserDefaultsStorage.swift in Sources */ = {isa = PBXBuildFile; fileRef = B7388E8926B6A1C200B2763A /* UserDefaultsStorage.swift */; };
		B7388E8C26B6A1F700B2763A /* StorageKey.swift in Sources */ = {isa = PBXBuildFile; fileRef = B7388E8B26B6A1F700B2763A /* StorageKey.swift */; };
		B7388E8F26B6AC7400B2763A /* LocationManager.swift in Sources */ = {isa = PBXBuildFile; fileRef = B7388E8E26B6AC7400B2763A /* LocationManager.swift */; };
		B7388E9126B6B9D700B2763A /* MainTabInteractor.swift in Sources */ = {isa = PBXBuildFile; fileRef = B7388E9026B6B9D700B2763A /* MainTabInteractor.swift */; };
		B7388E9326B6C8C100B2763A /* Location.swift in Sources */ = {isa = PBXBuildFile; fileRef = B7388E9226B6C8C100B2763A /* Location.swift */; };
		B7388E9526B6EC4300B2763A /* LocalLanguageService.swift in Sources */ = {isa = PBXBuildFile; fileRef = B7388E9426B6EC4300B2763A /* LocalLanguageService.swift */; };
		B7388E9726B701CA00B2763A /* ForecastResponse.swift in Sources */ = {isa = PBXBuildFile; fileRef = B7388E9626B701CA00B2763A /* ForecastResponse.swift */; };
		B7388E9926B7092B00B2763A /* ForecastTabInteractor.swift in Sources */ = {isa = PBXBuildFile; fileRef = B7388E9826B7092B00B2763A /* ForecastTabInteractor.swift */; };
		B7388E9B26B7134900B2763A /* ForecastTabCell.swift in Sources */ = {isa = PBXBuildFile; fileRef = B7388E9A26B7134900B2763A /* ForecastTabCell.swift */; };
		B7388E9D26B71C4D00B2763A /* WeatherItem.swift in Sources */ = {isa = PBXBuildFile; fileRef = B7388E9C26B71C4D00B2763A /* WeatherItem.swift */; };
		B7388E9F26B71E4200B2763A /* WeatherItemDecorator.swift in Sources */ = {isa = PBXBuildFile; fileRef = B7388E9E26B71E4200B2763A /* WeatherItemDecorator.swift */; };
		B7E23B1C26B46D1100DBF625 /* AppDelegate.swift in Sources */ = {isa = PBXBuildFile; fileRef = B7E23B1B26B46D1100DBF625 /* AppDelegate.swift */; };
		B7E23B2826B46D1500DBF625 /* Assets.xcassets in Resources */ = {isa = PBXBuildFile; fileRef = B7E23B2726B46D1500DBF625 /* Assets.xcassets */; };
		B7E23B2B26B46D1500DBF625 /* LaunchScreen.storyboard in Resources */ = {isa = PBXBuildFile; fileRef = B7E23B2926B46D1500DBF625 /* LaunchScreen.storyboard */; };
		B7E23B3326B46FF700DBF625 /* IconAssets.xcassets in Resources */ = {isa = PBXBuildFile; fileRef = B7E23B3226B46FF700DBF625 /* IconAssets.xcassets */; };
		B7E23B3A26B4815400DBF625 /* IFlowCoordinator.swift in Sources */ = {isa = PBXBuildFile; fileRef = B7E23B3926B4815400DBF625 /* IFlowCoordinator.swift */; };
		B7E23B3C26B4822D00DBF625 /* RootCoordinator.swift in Sources */ = {isa = PBXBuildFile; fileRef = B7E23B3B26B4822D00DBF625 /* RootCoordinator.swift */; };
		B7E23B3F26B48F8D00DBF625 /* DependencyContainer.swift in Sources */ = {isa = PBXBuildFile; fileRef = B7E23B3E26B48F8D00DBF625 /* DependencyContainer.swift */; };
		B7E23B4426B51BB500DBF625 /* IDependencyProvider.swift in Sources */ = {isa = PBXBuildFile; fileRef = B7E23B4326B51BB500DBF625 /* IDependencyProvider.swift */; };
		B7E23B4726B520D100DBF625 /* ModuleFactory.swift in Sources */ = {isa = PBXBuildFile; fileRef = B7E23B4626B520D100DBF625 /* ModuleFactory.swift */; };
		B7E23B4A26B522A600DBF625 /* TabBarViewController.swift in Sources */ = {isa = PBXBuildFile; fileRef = B7E23B4926B522A600DBF625 /* TabBarViewController.swift */; };
		B7E23B4E26B52DE900DBF625 /* TabBarAssembly.swift in Sources */ = {isa = PBXBuildFile; fileRef = B7E23B4D26B52DE900DBF625 /* TabBarAssembly.swift */; };
		B7E23B5026B5335100DBF625 /* MainTabAssembly.swift in Sources */ = {isa = PBXBuildFile; fileRef = B7E23B4F26B5335100DBF625 /* MainTabAssembly.swift */; };
		B7E23B5426B5347A00DBF625 /* MainTabViewController.swift in Sources */ = {isa = PBXBuildFile; fileRef = B7E23B5326B5347A00DBF625 /* MainTabViewController.swift */; };
		B7E23B5626B534A100DBF625 /* ForecastTabViewController.swift in Sources */ = {isa = PBXBuildFile; fileRef = B7E23B5526B534A100DBF625 /* ForecastTabViewController.swift */; };
		B7E23B5826B534C200DBF625 /* ForecastTabAssembly.swift in Sources */ = {isa = PBXBuildFile; fileRef = B7E23B5726B534C200DBF625 /* ForecastTabAssembly.swift */; };
		B7E23B5A26B53BF200DBF625 /* ForecastTabCoordinator.swift in Sources */ = {isa = PBXBuildFile; fileRef = B7E23B5926B53BF200DBF625 /* ForecastTabCoordinator.swift */; };
		B7E23B5C26B53DF400DBF625 /* CoordinatorFactory.swift in Sources */ = {isa = PBXBuildFile; fileRef = B7E23B5B26B53DF400DBF625 /* CoordinatorFactory.swift */; };
		B7E23B5E26B5418300DBF625 /* MainTabView.swift in Sources */ = {isa = PBXBuildFile; fileRef = B7E23B5D26B5418300DBF625 /* MainTabView.swift */; };
		B7E23B6026B541F100DBF625 /* ForecastTabView.swift in Sources */ = {isa = PBXBuildFile; fileRef = B7E23B5F26B541F100DBF625 /* ForecastTabView.swift */; };
		B7E23B6226B545EA00DBF625 /* TabBarPresenter.swift in Sources */ = {isa = PBXBuildFile; fileRef = B7E23B6126B545EA00DBF625 /* TabBarPresenter.swift */; };
		B7E23B6526B5480C00DBF625 /* IconAssets.swift in Sources */ = {isa = PBXBuildFile; fileRef = B7E23B6426B5480C00DBF625 /* IconAssets.swift */; };
		B7E23B6726B55F0800DBF625 /* MainTabCoordinator.swift in Sources */ = {isa = PBXBuildFile; fileRef = B7E23B6626B55F0800DBF625 /* MainTabCoordinator.swift */; };
		B7E23B6926B5611800DBF625 /* BaseCoordinator.swift in Sources */ = {isa = PBXBuildFile; fileRef = B7E23B6826B5611800DBF625 /* BaseCoordinator.swift */; };
		B7E23B6C26B56B6200DBF625 /* NetworkManager.swift in Sources */ = {isa = PBXBuildFile; fileRef = B7E23B6B26B56B6200DBF625 /* NetworkManager.swift */; };
		B7E23B6E26B581C500DBF625 /* MainTabPresenter.swift in Sources */ = {isa = PBXBuildFile; fileRef = B7E23B6D26B581C500DBF625 /* MainTabPresenter.swift */; };
		B7E23B7026B581D400DBF625 /* ForecastTabPresenter.swift in Sources */ = {isa = PBXBuildFile; fileRef = B7E23B6F26B581D400DBF625 /* ForecastTabPresenter.swift */; };
		B7E23B7326B5894600DBF625 /* CitySearchViewController.swift in Sources */ = {isa = PBXBuildFile; fileRef = B7E23B7226B5894600DBF625 /* CitySearchViewController.swift */; };
		B9B0443039CCE63241911F68 /* libPods-WeatherAppTests.a in Frameworks */ = {isa = PBXBuildFile; fileRef = 36D65F68DFC04E2BFFC9B0BC /* libPods-WeatherAppTests.a */; };
		FA2B04722ADC011D0070700E /* CommandLine+Extension.swift in Sources */ = {isa = PBXBuildFile; fileRef = FA2B04712ADC011D0070700E /* CommandLine+Extension.swift */; };
		FA2B04732ADC01840070700E /* CommandLine+Extension.swift in Sources */ = {isa = PBXBuildFile; fileRef = FA2B04712ADC011D0070700E /* CommandLine+Extension.swift */; };
		FA2B047A2ADC0A130070700E /* direct?q=Moscow.json in Resources */ = {isa = PBXBuildFile; fileRef = FA2B04792ADC0A130070700E /* direct?q=Moscow.json */; };
		FA2B047C2ADC0CC20070700E /* String+Extension.swift in Sources */ = {isa = PBXBuildFile; fileRef = FA2B047B2ADC0CC20070700E /* String+Extension.swift */; };
		FA2B047D2ADC105B0070700E /* direct?q=Moscow.json in Resources */ = {isa = PBXBuildFile; fileRef = FA2B04792ADC0A130070700E /* direct?q=Moscow.json */; };
		FA30DD0F2ADBEB8600507828 /* Types.swift in Sources */ = {isa = PBXBuildFile; fileRef = FA5CDE6C2ADB2EC00093A7BB /* Types.swift */; };
		FA49FB392ADAA2150072EA49 /* SnapKit in Frameworks */ = {isa = PBXBuildFile; productRef = FA49FB382ADAA2150072EA49 /* SnapKit */; };
		FA49FB3B2ADAA2C70072EA49 /* CityCell.swift in Sources */ = {isa = PBXBuildFile; fileRef = FA49FB3A2ADAA2C70072EA49 /* CityCell.swift */; };
		FA49FB3E2ADAA40E0072EA49 /* TableViewCell+Extension.swift in Sources */ = {isa = PBXBuildFile; fileRef = FA49FB3D2ADAA40E0072EA49 /* TableViewCell+Extension.swift */; };
		FA49FB412ADAA56A0072EA49 /* Moya in Frameworks */ = {isa = PBXBuildFile; productRef = FA49FB402ADAA56A0072EA49 /* Moya */; };
		FA49FB432ADAA56A0072EA49 /* RxMoya in Frameworks */ = {isa = PBXBuildFile; productRef = FA49FB422ADAA56A0072EA49 /* RxMoya */; };
		FA49FB452ADAAA5E0072EA49 /* GeoRouter.swift in Sources */ = {isa = PBXBuildFile; fileRef = FA49FB442ADAAA5E0072EA49 /* GeoRouter.swift */; };
		FA49FB482ADAAD2C0072EA49 /* GeoRequestParameters.swift in Sources */ = {isa = PBXBuildFile; fileRef = FA49FB472ADAAD2C0072EA49 /* GeoRequestParameters.swift */; };
		FA49FB4A2ADAAEAD0072EA49 /* Encodable+Extension.swift in Sources */ = {isa = PBXBuildFile; fileRef = FA49FB492ADAAEAD0072EA49 /* Encodable+Extension.swift */; };
		FA49FB4C2ADAAF150072EA49 /* JSONEncoder.swift in Sources */ = {isa = PBXBuildFile; fileRef = FA49FB4B2ADAAF150072EA49 /* JSONEncoder.swift */; };
		FA49FB4E2ADAB0DB0072EA49 /* GeoService.swift in Sources */ = {isa = PBXBuildFile; fileRef = FA49FB4D2ADAB0DB0072EA49 /* GeoService.swift */; };
		FA49FB502ADAB1410072EA49 /* EmptyModel.swift in Sources */ = {isa = PBXBuildFile; fileRef = FA49FB4F2ADAB1410072EA49 /* EmptyModel.swift */; };
		FA49FB522ADAC02D0072EA49 /* BaseTarget.swift in Sources */ = {isa = PBXBuildFile; fileRef = FA49FB512ADAC02D0072EA49 /* BaseTarget.swift */; };
		FA49FB542ADAC4AF0072EA49 /* GeoResponse.swift in Sources */ = {isa = PBXBuildFile; fileRef = FA49FB532ADAC4AF0072EA49 /* GeoResponse.swift */; };
		FA49FB622ADAC9AA0072EA49 /* RxCocoa in Frameworks */ = {isa = PBXBuildFile; productRef = FA49FB612ADAC9AA0072EA49 /* RxCocoa */; };
		FA49FB642ADAC9AA0072EA49 /* RxRelay in Frameworks */ = {isa = PBXBuildFile; productRef = FA49FB632ADAC9AA0072EA49 /* RxRelay */; };
		FA49FB662ADAC9AA0072EA49 /* RxSwift in Frameworks */ = {isa = PBXBuildFile; productRef = FA49FB652ADAC9AA0072EA49 /* RxSwift */; };
		FA5CDE5C2ADB1F690093A7BB /* WeatherAppUITests.swift in Sources */ = {isa = PBXBuildFile; fileRef = FA5CDE5B2ADB1F690093A7BB /* WeatherAppUITests.swift */; };
		FA5CDE5E2ADB1F690093A7BB /* WeatherAppUITestsLaunchTests.swift in Sources */ = {isa = PBXBuildFile; fileRef = FA5CDE5D2ADB1F690093A7BB /* WeatherAppUITestsLaunchTests.swift */; };
		FA5CDE652ADB22140093A7BB /* MainTabAccessibility.swift in Sources */ = {isa = PBXBuildFile; fileRef = FA5CDE642ADB22140093A7BB /* MainTabAccessibility.swift */; };
		FA5CDE682ADB240E0093A7BB /* MainTabScreen.swift in Sources */ = {isa = PBXBuildFile; fileRef = FA5CDE672ADB240E0093A7BB /* MainTabScreen.swift */; };
		FA5CDE6A2ADB2A660093A7BB /* BaseScreen.swift in Sources */ = {isa = PBXBuildFile; fileRef = FA5CDE692ADB2A660093A7BB /* BaseScreen.swift */; };
		FA5CDE6B2ADB2C600093A7BB /* MainTabAccessibility.swift in Sources */ = {isa = PBXBuildFile; fileRef = FA5CDE642ADB22140093A7BB /* MainTabAccessibility.swift */; };
		FA5CDE6D2ADB2EC00093A7BB /* Types.swift in Sources */ = {isa = PBXBuildFile; fileRef = FA5CDE6C2ADB2EC00093A7BB /* Types.swift */; };
		FA5CDE6F2ADB2F0A0093A7BB /* CitySearchAccessibility.swift in Sources */ = {isa = PBXBuildFile; fileRef = FA5CDE6E2ADB2F0A0093A7BB /* CitySearchAccessibility.swift */; };
		FA5CDE702ADB2F1E0093A7BB /* CitySearchAccessibility.swift in Sources */ = {isa = PBXBuildFile; fileRef = FA5CDE6E2ADB2F0A0093A7BB /* CitySearchAccessibility.swift */; };
		FA5CDE732ADB33F50093A7BB /* XCUIElement+Addition.swift in Sources */ = {isa = PBXBuildFile; fileRef = FA5CDE722ADB33F50093A7BB /* XCUIElement+Addition.swift */; };
		FA5CDE752ADB35430093A7BB /* CitySearchScreen.swift in Sources */ = {isa = PBXBuildFile; fileRef = FA5CDE742ADB35430093A7BB /* CitySearchScreen.swift */; };
		FA5CDE7D2ADBD7300093A7BB /* WeatherAppTests.swift in Sources */ = {isa = PBXBuildFile; fileRef = FA5CDE7C2ADBD7300093A7BB /* WeatherAppTests.swift */; };
/* End PBXBuildFile section */

/* Begin PBXContainerItemProxy section */
		FA5CDE5F2ADB1F690093A7BB /* PBXContainerItemProxy */ = {
			isa = PBXContainerItemProxy;
			containerPortal = B7E23B1026B46D1100DBF625 /* Project object */;
			proxyType = 1;
			remoteGlobalIDString = B7E23B1726B46D1100DBF625;
			remoteInfo = WeatherApp;
		};
		FA5CDE7E2ADBD7300093A7BB /* PBXContainerItemProxy */ = {
			isa = PBXContainerItemProxy;
			containerPortal = B7E23B1026B46D1100DBF625 /* Project object */;
			proxyType = 1;
			remoteGlobalIDString = B7E23B1726B46D1100DBF625;
			remoteInfo = WeatherApp;
		};
/* End PBXContainerItemProxy section */

/* Begin PBXFileReference section */
		279C61E8A18DE2062D5A6D1D /* libPods-WeatherApp.a */ = {isa = PBXFileReference; explicitFileType = archive.ar; includeInIndex = 0; path = "libPods-WeatherApp.a"; sourceTree = BUILT_PRODUCTS_DIR; };
		36D65F68DFC04E2BFFC9B0BC /* libPods-WeatherAppTests.a */ = {isa = PBXFileReference; explicitFileType = archive.ar; includeInIndex = 0; path = "libPods-WeatherAppTests.a"; sourceTree = BUILT_PRODUCTS_DIR; };
		5D23C765ACE5FCE803559167 /* Pods-WeatherApp.debug.xcconfig */ = {isa = PBXFileReference; includeInIndex = 1; lastKnownFileType = text.xcconfig; name = "Pods-WeatherApp.debug.xcconfig"; path = "Target Support Files/Pods-WeatherApp/Pods-WeatherApp.debug.xcconfig"; sourceTree = "<group>"; };
		7374AB1846D0CD14708EC811 /* Pods-WeatherAppUITests.debug.xcconfig */ = {isa = PBXFileReference; includeInIndex = 1; lastKnownFileType = text.xcconfig; name = "Pods-WeatherAppUITests.debug.xcconfig"; path = "Target Support Files/Pods-WeatherAppUITests/Pods-WeatherAppUITests.debug.xcconfig"; sourceTree = "<group>"; };
		73B40CCCCBF01E8DB2CE79A2 /* Pods-WeatherAppUITests.release.xcconfig */ = {isa = PBXFileReference; includeInIndex = 1; lastKnownFileType = text.xcconfig; name = "Pods-WeatherAppUITests.release.xcconfig"; path = "Target Support Files/Pods-WeatherAppUITests/Pods-WeatherAppUITests.release.xcconfig"; sourceTree = "<group>"; };
		7B2640C445794473DE8B32E0 /* Pods-WeatherApp.release.xcconfig */ = {isa = PBXFileReference; includeInIndex = 1; lastKnownFileType = text.xcconfig; name = "Pods-WeatherApp.release.xcconfig"; path = "Target Support Files/Pods-WeatherApp/Pods-WeatherApp.release.xcconfig"; sourceTree = "<group>"; };
		A26F4D34E05E76AD2EDAA45F /* libPods-WeatherAppUITests.a */ = {isa = PBXFileReference; explicitFileType = archive.ar; includeInIndex = 0; path = "libPods-WeatherAppUITests.a"; sourceTree = BUILT_PRODUCTS_DIR; };
		B7388E6C26B5A59100B2763A /* CityInfo.swift */ = {isa = PBXFileReference; lastKnownFileType = sourcecode.swift; path = CityInfo.swift; sourceTree = "<group>"; };
		B7388E6F26B5C34000B2763A /* WeatherResponse.swift */ = {isa = PBXFileReference; lastKnownFileType = sourcecode.swift; path = WeatherResponse.swift; sourceTree = "<group>"; };
		B7388E7126B5CD2800B2763A /* WeatherServices.swift */ = {isa = PBXFileReference; lastKnownFileType = sourcecode.swift; path = WeatherServices.swift; sourceTree = "<group>"; };
		B7388E7326B5D05200B2763A /* WeatherCondition.swift */ = {isa = PBXFileReference; lastKnownFileType = sourcecode.swift; path = WeatherCondition.swift; sourceTree = "<group>"; };
		B7388E7526B5F17800B2763A /* AlertProvider.swift */ = {isa = PBXFileReference; lastKnownFileType = sourcecode.swift; path = AlertProvider.swift; sourceTree = "<group>"; };
		B7388E7726B5F6E800B2763A /* CitySearchAssembly.swift */ = {isa = PBXFileReference; lastKnownFileType = sourcecode.swift; path = CitySearchAssembly.swift; sourceTree = "<group>"; };
		B7388E7C26B67CDB00B2763A /* en */ = {isa = PBXFileReference; lastKnownFileType = text.plist.strings; name = en; path = en.lproj/Localizable.strings; sourceTree = "<group>"; };
		B7388E7E26B67D1B00B2763A /* ru */ = {isa = PBXFileReference; lastKnownFileType = text.plist.strings; name = ru; path = ru.lproj/LaunchScreen.strings; sourceTree = "<group>"; };
		B7388E7F26B67D1B00B2763A /* ru */ = {isa = PBXFileReference; lastKnownFileType = text.plist.strings; name = ru; path = ru.lproj/Localizable.strings; sourceTree = "<group>"; };
		B7388E8026B68A6B00B2763A /* AppFont.swift */ = {isa = PBXFileReference; lastKnownFileType = sourcecode.swift; path = AppFont.swift; sourceTree = "<group>"; };
		B7388E8226B6927600B2763A /* WeatherDecorator.swift */ = {isa = PBXFileReference; lastKnownFileType = sourcecode.swift; path = WeatherDecorator.swift; sourceTree = "<group>"; };
		B7388E8526B693F200B2763A /* Logger.swift */ = {isa = PBXFileReference; lastKnownFileType = sourcecode.swift; path = Logger.swift; sourceTree = "<group>"; };
		B7388E8926B6A1C200B2763A /* UserDefaultsStorage.swift */ = {isa = PBXFileReference; lastKnownFileType = sourcecode.swift; path = UserDefaultsStorage.swift; sourceTree = "<group>"; };
		B7388E8B26B6A1F700B2763A /* StorageKey.swift */ = {isa = PBXFileReference; lastKnownFileType = sourcecode.swift; path = StorageKey.swift; sourceTree = "<group>"; };
		B7388E8E26B6AC7400B2763A /* LocationManager.swift */ = {isa = PBXFileReference; lastKnownFileType = sourcecode.swift; path = LocationManager.swift; sourceTree = "<group>"; };
		B7388E9026B6B9D700B2763A /* MainTabInteractor.swift */ = {isa = PBXFileReference; lastKnownFileType = sourcecode.swift; path = MainTabInteractor.swift; sourceTree = "<group>"; };
		B7388E9226B6C8C100B2763A /* Location.swift */ = {isa = PBXFileReference; lastKnownFileType = sourcecode.swift; path = Location.swift; sourceTree = "<group>"; };
		B7388E9426B6EC4300B2763A /* LocalLanguageService.swift */ = {isa = PBXFileReference; lastKnownFileType = sourcecode.swift; path = LocalLanguageService.swift; sourceTree = "<group>"; };
		B7388E9626B701CA00B2763A /* ForecastResponse.swift */ = {isa = PBXFileReference; lastKnownFileType = sourcecode.swift; path = ForecastResponse.swift; sourceTree = "<group>"; };
		B7388E9826B7092B00B2763A /* ForecastTabInteractor.swift */ = {isa = PBXFileReference; lastKnownFileType = sourcecode.swift; path = ForecastTabInteractor.swift; sourceTree = "<group>"; };
		B7388E9A26B7134900B2763A /* ForecastTabCell.swift */ = {isa = PBXFileReference; lastKnownFileType = sourcecode.swift; path = ForecastTabCell.swift; sourceTree = "<group>"; };
		B7388E9C26B71C4D00B2763A /* WeatherItem.swift */ = {isa = PBXFileReference; lastKnownFileType = sourcecode.swift; path = WeatherItem.swift; sourceTree = "<group>"; };
		B7388E9E26B71E4200B2763A /* WeatherItemDecorator.swift */ = {isa = PBXFileReference; lastKnownFileType = sourcecode.swift; path = WeatherItemDecorator.swift; sourceTree = "<group>"; };
		B7E23B1826B46D1100DBF625 /* WeatherApp.app */ = {isa = PBXFileReference; explicitFileType = wrapper.application; includeInIndex = 0; path = WeatherApp.app; sourceTree = BUILT_PRODUCTS_DIR; };
		B7E23B1B26B46D1100DBF625 /* AppDelegate.swift */ = {isa = PBXFileReference; lastKnownFileType = sourcecode.swift; path = AppDelegate.swift; sourceTree = "<group>"; };
		B7E23B2726B46D1500DBF625 /* Assets.xcassets */ = {isa = PBXFileReference; lastKnownFileType = folder.assetcatalog; path = Assets.xcassets; sourceTree = "<group>"; };
		B7E23B2A26B46D1500DBF625 /* Base */ = {isa = PBXFileReference; lastKnownFileType = file.storyboard; name = Base; path = Base.lproj/LaunchScreen.storyboard; sourceTree = "<group>"; };
		B7E23B2C26B46D1500DBF625 /* Info.plist */ = {isa = PBXFileReference; lastKnownFileType = text.plist.xml; path = Info.plist; sourceTree = "<group>"; };
		B7E23B3226B46FF700DBF625 /* IconAssets.xcassets */ = {isa = PBXFileReference; lastKnownFileType = folder.assetcatalog; path = IconAssets.xcassets; sourceTree = "<group>"; };
		B7E23B3926B4815400DBF625 /* IFlowCoordinator.swift */ = {isa = PBXFileReference; lastKnownFileType = sourcecode.swift; path = IFlowCoordinator.swift; sourceTree = "<group>"; };
		B7E23B3B26B4822D00DBF625 /* RootCoordinator.swift */ = {isa = PBXFileReference; lastKnownFileType = sourcecode.swift; path = RootCoordinator.swift; sourceTree = "<group>"; };
		B7E23B3E26B48F8D00DBF625 /* DependencyContainer.swift */ = {isa = PBXFileReference; lastKnownFileType = sourcecode.swift; path = DependencyContainer.swift; sourceTree = "<group>"; };
		B7E23B4326B51BB500DBF625 /* IDependencyProvider.swift */ = {isa = PBXFileReference; lastKnownFileType = sourcecode.swift; path = IDependencyProvider.swift; sourceTree = "<group>"; };
		B7E23B4626B520D100DBF625 /* ModuleFactory.swift */ = {isa = PBXFileReference; lastKnownFileType = sourcecode.swift; path = ModuleFactory.swift; sourceTree = "<group>"; };
		B7E23B4926B522A600DBF625 /* TabBarViewController.swift */ = {isa = PBXFileReference; lastKnownFileType = sourcecode.swift; path = TabBarViewController.swift; sourceTree = "<group>"; };
		B7E23B4D26B52DE900DBF625 /* TabBarAssembly.swift */ = {isa = PBXFileReference; lastKnownFileType = sourcecode.swift; path = TabBarAssembly.swift; sourceTree = "<group>"; };
		B7E23B4F26B5335100DBF625 /* MainTabAssembly.swift */ = {isa = PBXFileReference; lastKnownFileType = sourcecode.swift; path = MainTabAssembly.swift; sourceTree = "<group>"; };
		B7E23B5326B5347A00DBF625 /* MainTabViewController.swift */ = {isa = PBXFileReference; lastKnownFileType = sourcecode.swift; path = MainTabViewController.swift; sourceTree = "<group>"; };
		B7E23B5526B534A100DBF625 /* ForecastTabViewController.swift */ = {isa = PBXFileReference; lastKnownFileType = sourcecode.swift; path = ForecastTabViewController.swift; sourceTree = "<group>"; };
		B7E23B5726B534C200DBF625 /* ForecastTabAssembly.swift */ = {isa = PBXFileReference; lastKnownFileType = sourcecode.swift; path = ForecastTabAssembly.swift; sourceTree = "<group>"; };
		B7E23B5926B53BF200DBF625 /* ForecastTabCoordinator.swift */ = {isa = PBXFileReference; lastKnownFileType = sourcecode.swift; path = ForecastTabCoordinator.swift; sourceTree = "<group>"; };
		B7E23B5B26B53DF400DBF625 /* CoordinatorFactory.swift */ = {isa = PBXFileReference; lastKnownFileType = sourcecode.swift; path = CoordinatorFactory.swift; sourceTree = "<group>"; };
		B7E23B5D26B5418300DBF625 /* MainTabView.swift */ = {isa = PBXFileReference; lastKnownFileType = sourcecode.swift; path = MainTabView.swift; sourceTree = "<group>"; };
		B7E23B5F26B541F100DBF625 /* ForecastTabView.swift */ = {isa = PBXFileReference; lastKnownFileType = sourcecode.swift; path = ForecastTabView.swift; sourceTree = "<group>"; };
		B7E23B6126B545EA00DBF625 /* TabBarPresenter.swift */ = {isa = PBXFileReference; lastKnownFileType = sourcecode.swift; path = TabBarPresenter.swift; sourceTree = "<group>"; };
		B7E23B6426B5480C00DBF625 /* IconAssets.swift */ = {isa = PBXFileReference; lastKnownFileType = sourcecode.swift; path = IconAssets.swift; sourceTree = "<group>"; };
		B7E23B6626B55F0800DBF625 /* MainTabCoordinator.swift */ = {isa = PBXFileReference; lastKnownFileType = sourcecode.swift; path = MainTabCoordinator.swift; sourceTree = "<group>"; };
		B7E23B6826B5611800DBF625 /* BaseCoordinator.swift */ = {isa = PBXFileReference; lastKnownFileType = sourcecode.swift; path = BaseCoordinator.swift; sourceTree = "<group>"; };
		B7E23B6B26B56B6200DBF625 /* NetworkManager.swift */ = {isa = PBXFileReference; lastKnownFileType = sourcecode.swift; path = NetworkManager.swift; sourceTree = "<group>"; };
		B7E23B6D26B581C500DBF625 /* MainTabPresenter.swift */ = {isa = PBXFileReference; lastKnownFileType = sourcecode.swift; path = MainTabPresenter.swift; sourceTree = "<group>"; };
		B7E23B6F26B581D400DBF625 /* ForecastTabPresenter.swift */ = {isa = PBXFileReference; lastKnownFileType = sourcecode.swift; path = ForecastTabPresenter.swift; sourceTree = "<group>"; };
		B7E23B7226B5894600DBF625 /* CitySearchViewController.swift */ = {isa = PBXFileReference; lastKnownFileType = sourcecode.swift; path = CitySearchViewController.swift; sourceTree = "<group>"; };
		F29853245A66AE3669F5FD39 /* Pods-WeatherAppTests.release.xcconfig */ = {isa = PBXFileReference; includeInIndex = 1; lastKnownFileType = text.xcconfig; name = "Pods-WeatherAppTests.release.xcconfig"; path = "Target Support Files/Pods-WeatherAppTests/Pods-WeatherAppTests.release.xcconfig"; sourceTree = "<group>"; };
		FA2B04712ADC011D0070700E /* CommandLine+Extension.swift */ = {isa = PBXFileReference; lastKnownFileType = sourcecode.swift; path = "CommandLine+Extension.swift"; sourceTree = "<group>"; };
		FA2B04792ADC0A130070700E /* direct?q=Moscow.json */ = {isa = PBXFileReference; lastKnownFileType = text.json; path = "direct?q=Moscow.json"; sourceTree = "<group>"; };
		FA2B047B2ADC0CC20070700E /* String+Extension.swift */ = {isa = PBXFileReference; lastKnownFileType = sourcecode.swift; path = "String+Extension.swift"; sourceTree = "<group>"; };
		FA2D689DE481C8FDC2EC2499 /* Pods-WeatherAppTests.debug.xcconfig */ = {isa = PBXFileReference; includeInIndex = 1; lastKnownFileType = text.xcconfig; name = "Pods-WeatherAppTests.debug.xcconfig"; path = "Target Support Files/Pods-WeatherAppTests/Pods-WeatherAppTests.debug.xcconfig"; sourceTree = "<group>"; };
		FA49FB3A2ADAA2C70072EA49 /* CityCell.swift */ = {isa = PBXFileReference; lastKnownFileType = sourcecode.swift; path = CityCell.swift; sourceTree = "<group>"; };
		FA49FB3D2ADAA40E0072EA49 /* TableViewCell+Extension.swift */ = {isa = PBXFileReference; lastKnownFileType = sourcecode.swift; path = "TableViewCell+Extension.swift"; sourceTree = "<group>"; };
		FA49FB442ADAAA5E0072EA49 /* GeoRouter.swift */ = {isa = PBXFileReference; lastKnownFileType = sourcecode.swift; path = GeoRouter.swift; sourceTree = "<group>"; };
		FA49FB472ADAAD2C0072EA49 /* GeoRequestParameters.swift */ = {isa = PBXFileReference; lastKnownFileType = sourcecode.swift; path = GeoRequestParameters.swift; sourceTree = "<group>"; };
		FA49FB492ADAAEAD0072EA49 /* Encodable+Extension.swift */ = {isa = PBXFileReference; lastKnownFileType = sourcecode.swift; path = "Encodable+Extension.swift"; sourceTree = "<group>"; };
		FA49FB4B2ADAAF150072EA49 /* JSONEncoder.swift */ = {isa = PBXFileReference; lastKnownFileType = sourcecode.swift; path = JSONEncoder.swift; sourceTree = "<group>"; };
		FA49FB4D2ADAB0DB0072EA49 /* GeoService.swift */ = {isa = PBXFileReference; lastKnownFileType = sourcecode.swift; path = GeoService.swift; sourceTree = "<group>"; };
		FA49FB4F2ADAB1410072EA49 /* EmptyModel.swift */ = {isa = PBXFileReference; lastKnownFileType = sourcecode.swift; path = EmptyModel.swift; sourceTree = "<group>"; };
		FA49FB512ADAC02D0072EA49 /* BaseTarget.swift */ = {isa = PBXFileReference; lastKnownFileType = sourcecode.swift; path = BaseTarget.swift; sourceTree = "<group>"; };
		FA49FB532ADAC4AF0072EA49 /* GeoResponse.swift */ = {isa = PBXFileReference; lastKnownFileType = sourcecode.swift; path = GeoResponse.swift; sourceTree = "<group>"; };
		FA5CDE592ADB1F690093A7BB /* WeatherAppUITests.xctest */ = {isa = PBXFileReference; explicitFileType = wrapper.cfbundle; includeInIndex = 0; path = WeatherAppUITests.xctest; sourceTree = BUILT_PRODUCTS_DIR; };
		FA5CDE5B2ADB1F690093A7BB /* WeatherAppUITests.swift */ = {isa = PBXFileReference; lastKnownFileType = sourcecode.swift; path = WeatherAppUITests.swift; sourceTree = "<group>"; };
		FA5CDE5D2ADB1F690093A7BB /* WeatherAppUITestsLaunchTests.swift */ = {isa = PBXFileReference; lastKnownFileType = sourcecode.swift; path = WeatherAppUITestsLaunchTests.swift; sourceTree = "<group>"; };
		FA5CDE642ADB22140093A7BB /* MainTabAccessibility.swift */ = {isa = PBXFileReference; lastKnownFileType = sourcecode.swift; path = MainTabAccessibility.swift; sourceTree = "<group>"; };
		FA5CDE672ADB240E0093A7BB /* MainTabScreen.swift */ = {isa = PBXFileReference; lastKnownFileType = sourcecode.swift; path = MainTabScreen.swift; sourceTree = "<group>"; };
		FA5CDE692ADB2A660093A7BB /* BaseScreen.swift */ = {isa = PBXFileReference; lastKnownFileType = sourcecode.swift; path = BaseScreen.swift; sourceTree = "<group>"; };
		FA5CDE6C2ADB2EC00093A7BB /* Types.swift */ = {isa = PBXFileReference; lastKnownFileType = sourcecode.swift; path = Types.swift; sourceTree = "<group>"; };
		FA5CDE6E2ADB2F0A0093A7BB /* CitySearchAccessibility.swift */ = {isa = PBXFileReference; lastKnownFileType = sourcecode.swift; path = CitySearchAccessibility.swift; sourceTree = "<group>"; };
		FA5CDE722ADB33F50093A7BB /* XCUIElement+Addition.swift */ = {isa = PBXFileReference; lastKnownFileType = sourcecode.swift; path = "XCUIElement+Addition.swift"; sourceTree = "<group>"; };
		FA5CDE742ADB35430093A7BB /* CitySearchScreen.swift */ = {isa = PBXFileReference; lastKnownFileType = sourcecode.swift; path = CitySearchScreen.swift; sourceTree = "<group>"; };
		FA5CDE7A2ADBD7300093A7BB /* WeatherAppTests.xctest */ = {isa = PBXFileReference; explicitFileType = wrapper.cfbundle; includeInIndex = 0; path = WeatherAppTests.xctest; sourceTree = BUILT_PRODUCTS_DIR; };
		FA5CDE7C2ADBD7300093A7BB /* WeatherAppTests.swift */ = {isa = PBXFileReference; lastKnownFileType = sourcecode.swift; path = WeatherAppTests.swift; sourceTree = "<group>"; };
/* End PBXFileReference section */

/* Begin PBXFrameworksBuildPhase section */
		B7E23B1526B46D1100DBF625 /* Frameworks */ = {
			isa = PBXFrameworksBuildPhase;
			buildActionMask = 2147483647;
			files = (
				FA49FB662ADAC9AA0072EA49 /* RxSwift in Frameworks */,
				FA49FB642ADAC9AA0072EA49 /* RxRelay in Frameworks */,
				FA49FB432ADAA56A0072EA49 /* RxMoya in Frameworks */,
				FA49FB412ADAA56A0072EA49 /* Moya in Frameworks */,
				FA49FB622ADAC9AA0072EA49 /* RxCocoa in Frameworks */,
				FA49FB392ADAA2150072EA49 /* SnapKit in Frameworks */,
				37FC8732BC9A734E14188581 /* libPods-WeatherApp.a in Frameworks */,
			);
			runOnlyForDeploymentPostprocessing = 0;
		};
		FA5CDE562ADB1F690093A7BB /* Frameworks */ = {
			isa = PBXFrameworksBuildPhase;
			buildActionMask = 2147483647;
			files = (
				4787D2FA7B71604F78600830 /* libPods-WeatherAppUITests.a in Frameworks */,
			);
			runOnlyForDeploymentPostprocessing = 0;
		};
		FA5CDE772ADBD7300093A7BB /* Frameworks */ = {
			isa = PBXFrameworksBuildPhase;
			buildActionMask = 2147483647;
			files = (
				B9B0443039CCE63241911F68 /* libPods-WeatherAppTests.a in Frameworks */,
			);
			runOnlyForDeploymentPostprocessing = 0;
		};
/* End PBXFrameworksBuildPhase section */

/* Begin PBXGroup section */
		320F567A2E42909C3C8F7226 /* Frameworks */ = {
			isa = PBXGroup;
			children = (
				279C61E8A18DE2062D5A6D1D /* libPods-WeatherApp.a */,
				36D65F68DFC04E2BFFC9B0BC /* libPods-WeatherAppTests.a */,
				A26F4D34E05E76AD2EDAA45F /* libPods-WeatherAppUITests.a */,
			);
			name = Frameworks;
			sourceTree = "<group>";
		};
		B7388E6E26B5C32900B2763A /* Network */ = {
			isa = PBXGroup;
			children = (
				B7388E6F26B5C34000B2763A /* WeatherResponse.swift */,
				B7388E9626B701CA00B2763A /* ForecastResponse.swift */,
			);
			path = Network;
			sourceTree = "<group>";
		};
		B7388E8426B6935900B2763A /* Logger */ = {
			isa = PBXGroup;
			children = (
				B7388E8526B693F200B2763A /* Logger.swift */,
			);
			path = Logger;
			sourceTree = "<group>";
		};
		B7388E8D26B6AC4E00B2763A /* Location */ = {
			isa = PBXGroup;
			children = (
				B7388E8E26B6AC7400B2763A /* LocationManager.swift */,
			);
			path = Location;
			sourceTree = "<group>";
		};
		B7E23B0F26B46D1100DBF625 = {
			isa = PBXGroup;
			children = (
				B7E23B1A26B46D1100DBF625 /* WeatherApp */,
				FA5CDE5A2ADB1F690093A7BB /* WeatherAppUITests */,
				FA5CDE7B2ADBD7300093A7BB /* WeatherAppTests */,
				B7E23B1926B46D1100DBF625 /* Products */,
				EE94FA148B778A2234317EFD /* Pods */,
				320F567A2E42909C3C8F7226 /* Frameworks */,
			);
			sourceTree = "<group>";
		};
		B7E23B1926B46D1100DBF625 /* Products */ = {
			isa = PBXGroup;
			children = (
				B7E23B1826B46D1100DBF625 /* WeatherApp.app */,
				FA5CDE592ADB1F690093A7BB /* WeatherAppUITests.xctest */,
				FA5CDE7A2ADBD7300093A7BB /* WeatherAppTests.xctest */,
			);
			name = Products;
			sourceTree = "<group>";
		};
		B7E23B1A26B46D1100DBF625 /* WeatherApp */ = {
			isa = PBXGroup;
			children = (
				FA49FB3C2ADAA3F60072EA49 /* Extensions */,
				B7388E8426B6935900B2763A /* Logger */,
				B7E23B6326B547E900DBF625 /* Resources */,
				B7E23B4526B5208F00DBF625 /* Modules */,
				B7E23B3D26B48F3200DBF625 /* Dependencies */,
				B7E23B3826B4813D00DBF625 /* Protocols */,
				B7E23B3526B472C500DBF625 /* Coordinators */,
				B7E23B3426B472BA00DBF625 /* Models */,
				B7E23B1B26B46D1100DBF625 /* AppDelegate.swift */,
				B7E23B2726B46D1500DBF625 /* Assets.xcassets */,
				B7E23B2926B46D1500DBF625 /* LaunchScreen.storyboard */,
				B7E23B2C26B46D1500DBF625 /* Info.plist */,
				B7E23B3226B46FF700DBF625 /* IconAssets.xcassets */,
			);
			path = WeatherApp;
			sourceTree = "<group>";
		};
		B7E23B3426B472BA00DBF625 /* Models */ = {
			isa = PBXGroup;
			children = (
				B7388E6E26B5C32900B2763A /* Network */,
				B7388E6C26B5A59100B2763A /* CityInfo.swift */,
				B7388E7326B5D05200B2763A /* WeatherCondition.swift */,
				B7388E8226B6927600B2763A /* WeatherDecorator.swift */,
				B7388E9226B6C8C100B2763A /* Location.swift */,
				B7388E9C26B71C4D00B2763A /* WeatherItem.swift */,
				B7388E9E26B71E4200B2763A /* WeatherItemDecorator.swift */,
			);
			path = Models;
			sourceTree = "<group>";
		};
		B7E23B3526B472C500DBF625 /* Coordinators */ = {
			isa = PBXGroup;
			children = (
				B7E23B3B26B4822D00DBF625 /* RootCoordinator.swift */,
				B7E23B5926B53BF200DBF625 /* ForecastTabCoordinator.swift */,
				B7E23B6626B55F0800DBF625 /* MainTabCoordinator.swift */,
				B7E23B5B26B53DF400DBF625 /* CoordinatorFactory.swift */,
				B7E23B6826B5611800DBF625 /* BaseCoordinator.swift */,
			);
			path = Coordinators;
			sourceTree = "<group>";
		};
		B7E23B3626B4739600DBF625 /* Storages */ = {
			isa = PBXGroup;
			children = (
				B7388E8926B6A1C200B2763A /* UserDefaultsStorage.swift */,
				B7388E8B26B6A1F700B2763A /* StorageKey.swift */,
			);
			path = Storages;
			sourceTree = "<group>";
		};
		B7E23B3826B4813D00DBF625 /* Protocols */ = {
			isa = PBXGroup;
			children = (
				B7E23B3926B4815400DBF625 /* IFlowCoordinator.swift */,
				B7E23B4326B51BB500DBF625 /* IDependencyProvider.swift */,
				FA5CDE6C2ADB2EC00093A7BB /* Types.swift */,
			);
			path = Protocols;
			sourceTree = "<group>";
		};
		B7E23B3D26B48F3200DBF625 /* Dependencies */ = {
			isa = PBXGroup;
			children = (
				B7388E8D26B6AC4E00B2763A /* Location */,
				B7E23B3626B4739600DBF625 /* Storages */,
				B7E23B6A26B56B4300DBF625 /* Network */,
				B7E23B3E26B48F8D00DBF625 /* DependencyContainer.swift */,
				B7388E7526B5F17800B2763A /* AlertProvider.swift */,
				B7388E9426B6EC4300B2763A /* LocalLanguageService.swift */,
			);
			path = Dependencies;
			sourceTree = "<group>";
		};
		B7E23B4526B5208F00DBF625 /* Modules */ = {
			isa = PBXGroup;
			children = (
				B7E23B7126B588C200DBF625 /* CitySearch */,
				B7E23B5226B5337F00DBF625 /* ForecastTab */,
				B7E23B5126B5335700DBF625 /* MainTab */,
				B7E23B4826B5223600DBF625 /* Root */,
				B7E23B4626B520D100DBF625 /* ModuleFactory.swift */,
			);
			path = Modules;
			sourceTree = "<group>";
		};
		B7E23B4826B5223600DBF625 /* Root */ = {
			isa = PBXGroup;
			children = (
				B7E23B4926B522A600DBF625 /* TabBarViewController.swift */,
				B7E23B4D26B52DE900DBF625 /* TabBarAssembly.swift */,
				B7E23B6126B545EA00DBF625 /* TabBarPresenter.swift */,
			);
			path = Root;
			sourceTree = "<group>";
		};
		B7E23B5126B5335700DBF625 /* MainTab */ = {
			isa = PBXGroup;
			children = (
				B7E23B4F26B5335100DBF625 /* MainTabAssembly.swift */,
				B7E23B5326B5347A00DBF625 /* MainTabViewController.swift */,
				B7E23B5D26B5418300DBF625 /* MainTabView.swift */,
				B7E23B6D26B581C500DBF625 /* MainTabPresenter.swift */,
				B7388E9026B6B9D700B2763A /* MainTabInteractor.swift */,
				FA5CDE642ADB22140093A7BB /* MainTabAccessibility.swift */,
			);
			path = MainTab;
			sourceTree = "<group>";
		};
		B7E23B5226B5337F00DBF625 /* ForecastTab */ = {
			isa = PBXGroup;
			children = (
				B7E23B5526B534A100DBF625 /* ForecastTabViewController.swift */,
				B7E23B5726B534C200DBF625 /* ForecastTabAssembly.swift */,
				B7E23B5F26B541F100DBF625 /* ForecastTabView.swift */,
				B7E23B6F26B581D400DBF625 /* ForecastTabPresenter.swift */,
				B7388E9826B7092B00B2763A /* ForecastTabInteractor.swift */,
				B7388E9A26B7134900B2763A /* ForecastTabCell.swift */,
			);
			path = ForecastTab;
			sourceTree = "<group>";
		};
		B7E23B6326B547E900DBF625 /* Resources */ = {
			isa = PBXGroup;
			children = (
				FA2B04772ADC09BA0070700E /* JSONs */,
				B7E23B6426B5480C00DBF625 /* IconAssets.swift */,
				B7388E7D26B67CDB00B2763A /* Localizable.strings */,
				B7388E8026B68A6B00B2763A /* AppFont.swift */,
			);
			path = Resources;
			sourceTree = "<group>";
		};
		B7E23B6A26B56B4300DBF625 /* Network */ = {
			isa = PBXGroup;
			children = (
				FA2B04762ADC07B10070700E /* Core */,
				FA49FB462ADAAD110072EA49 /* Models */,
				FA2B04752ADC07A00070700E /* Weather */,
				FA2B04742ADC07920070700E /* Geo */,
			);
			path = Network;
			sourceTree = "<group>";
		};
		B7E23B7126B588C200DBF625 /* CitySearch */ = {
			isa = PBXGroup;
			children = (
				B7E23B7226B5894600DBF625 /* CitySearchViewController.swift */,
				B7388E7726B5F6E800B2763A /* CitySearchAssembly.swift */,
				FA49FB3A2ADAA2C70072EA49 /* CityCell.swift */,
				FA5CDE6E2ADB2F0A0093A7BB /* CitySearchAccessibility.swift */,
			);
			path = CitySearch;
			sourceTree = "<group>";
		};
		EE94FA148B778A2234317EFD /* Pods */ = {
			isa = PBXGroup;
			children = (
				5D23C765ACE5FCE803559167 /* Pods-WeatherApp.debug.xcconfig */,
				7B2640C445794473DE8B32E0 /* Pods-WeatherApp.release.xcconfig */,
				FA2D689DE481C8FDC2EC2499 /* Pods-WeatherAppTests.debug.xcconfig */,
				F29853245A66AE3669F5FD39 /* Pods-WeatherAppTests.release.xcconfig */,
				7374AB1846D0CD14708EC811 /* Pods-WeatherAppUITests.debug.xcconfig */,
				73B40CCCCBF01E8DB2CE79A2 /* Pods-WeatherAppUITests.release.xcconfig */,
			);
			path = Pods;
			sourceTree = "<group>";
		};
		FA2B04742ADC07920070700E /* Geo */ = {
			isa = PBXGroup;
			children = (
				FA49FB442ADAAA5E0072EA49 /* GeoRouter.swift */,
				FA49FB4D2ADAB0DB0072EA49 /* GeoService.swift */,
			);
			path = Geo;
			sourceTree = "<group>";
		};
		FA2B04752ADC07A00070700E /* Weather */ = {
			isa = PBXGroup;
			children = (
				B7388E7126B5CD2800B2763A /* WeatherServices.swift */,
			);
			path = Weather;
			sourceTree = "<group>";
		};
		FA2B04762ADC07B10070700E /* Core */ = {
			isa = PBXGroup;
			children = (
				B7E23B6B26B56B6200DBF625 /* NetworkManager.swift */,
				FA49FB512ADAC02D0072EA49 /* BaseTarget.swift */,
			);
			path = Core;
			sourceTree = "<group>";
		};
		FA2B04772ADC09BA0070700E /* JSONs */ = {
			isa = PBXGroup;
			children = (
				FA2B04782ADC09C70070700E /* direct */,
			);
			path = JSONs;
			sourceTree = "<group>";
		};
		FA2B04782ADC09C70070700E /* direct */ = {
			isa = PBXGroup;
			children = (
				FA2B04792ADC0A130070700E /* direct?q=Moscow.json */,
			);
			path = direct;
			sourceTree = "<group>";
		};
		FA49FB3C2ADAA3F60072EA49 /* Extensions */ = {
			isa = PBXGroup;
			children = (
				FA49FB3D2ADAA40E0072EA49 /* TableViewCell+Extension.swift */,
				FA49FB492ADAAEAD0072EA49 /* Encodable+Extension.swift */,
				FA49FB4B2ADAAF150072EA49 /* JSONEncoder.swift */,
				FA2B04712ADC011D0070700E /* CommandLine+Extension.swift */,
				FA2B047B2ADC0CC20070700E /* String+Extension.swift */,
			);
			path = Extensions;
			sourceTree = "<group>";
		};
		FA49FB462ADAAD110072EA49 /* Models */ = {
			isa = PBXGroup;
			children = (
				FA49FB472ADAAD2C0072EA49 /* GeoRequestParameters.swift */,
				FA49FB4F2ADAB1410072EA49 /* EmptyModel.swift */,
				FA49FB532ADAC4AF0072EA49 /* GeoResponse.swift */,
			);
			path = Models;
			sourceTree = "<group>";
		};
		FA5CDE5A2ADB1F690093A7BB /* WeatherAppUITests */ = {
			isa = PBXGroup;
			children = (
				FA5CDE712ADB33D60093A7BB /* Extensions */,
				FA5CDE662ADB23F80093A7BB /* Screens */,
				FA5CDE5B2ADB1F690093A7BB /* WeatherAppUITests.swift */,
				FA5CDE5D2ADB1F690093A7BB /* WeatherAppUITestsLaunchTests.swift */,
			);
			path = WeatherAppUITests;
			sourceTree = "<group>";
		};
		FA5CDE662ADB23F80093A7BB /* Screens */ = {
			isa = PBXGroup;
			children = (
				FA5CDE672ADB240E0093A7BB /* MainTabScreen.swift */,
				FA5CDE692ADB2A660093A7BB /* BaseScreen.swift */,
				FA5CDE742ADB35430093A7BB /* CitySearchScreen.swift */,
			);
			path = Screens;
			sourceTree = "<group>";
		};
		FA5CDE712ADB33D60093A7BB /* Extensions */ = {
			isa = PBXGroup;
			children = (
				FA5CDE722ADB33F50093A7BB /* XCUIElement+Addition.swift */,
			);
			path = Extensions;
			sourceTree = "<group>";
		};
		FA5CDE7B2ADBD7300093A7BB /* WeatherAppTests */ = {
			isa = PBXGroup;
			children = (
				FA5CDE7C2ADBD7300093A7BB /* WeatherAppTests.swift */,
			);
			path = WeatherAppTests;
			sourceTree = "<group>";
		};
/* End PBXGroup section */

/* Begin PBXNativeTarget section */
		B7E23B1726B46D1100DBF625 /* WeatherApp */ = {
			isa = PBXNativeTarget;
			buildConfigurationList = B7E23B2F26B46D1500DBF625 /* Build configuration list for PBXNativeTarget "WeatherApp" */;
			buildPhases = (
				1127489CC5010A5BF75A8D4E /* [CP] Check Pods Manifest.lock */,
				B7E23B1426B46D1100DBF625 /* Sources */,
				B7E23B1526B46D1100DBF625 /* Frameworks */,
				B7E23B1626B46D1100DBF625 /* Resources */,
			);
			buildRules = (
			);
			dependencies = (
			);
			name = WeatherApp;
			packageProductDependencies = (
				FA49FB382ADAA2150072EA49 /* SnapKit */,
				FA49FB402ADAA56A0072EA49 /* Moya */,
				FA49FB422ADAA56A0072EA49 /* RxMoya */,
				FA49FB612ADAC9AA0072EA49 /* RxCocoa */,
				FA49FB632ADAC9AA0072EA49 /* RxRelay */,
				FA49FB652ADAC9AA0072EA49 /* RxSwift */,
			);
			productName = WeatherApp;
			productReference = B7E23B1826B46D1100DBF625 /* WeatherApp.app */;
			productType = "com.apple.product-type.application";
		};
		FA5CDE582ADB1F690093A7BB /* WeatherAppUITests */ = {
			isa = PBXNativeTarget;
			buildConfigurationList = FA5CDE632ADB1F690093A7BB /* Build configuration list for PBXNativeTarget "WeatherAppUITests" */;
			buildPhases = (
				320A8AD2625B8ADE7E807FF1 /* [CP] Check Pods Manifest.lock */,
				FA5CDE552ADB1F690093A7BB /* Sources */,
				FA5CDE562ADB1F690093A7BB /* Frameworks */,
				FA5CDE572ADB1F690093A7BB /* Resources */,
			);
			buildRules = (
			);
			dependencies = (
				FA5CDE602ADB1F690093A7BB /* PBXTargetDependency */,
			);
			name = WeatherAppUITests;
			productName = WeatherAppUITests;
			productReference = FA5CDE592ADB1F690093A7BB /* WeatherAppUITests.xctest */;
			productType = "com.apple.product-type.bundle.ui-testing";
		};
		FA5CDE792ADBD7300093A7BB /* WeatherAppTests */ = {
			isa = PBXNativeTarget;
			buildConfigurationList = FA5CDE802ADBD7300093A7BB /* Build configuration list for PBXNativeTarget "WeatherAppTests" */;
			buildPhases = (
				C9DD55867C53495EE5C1098F /* [CP] Check Pods Manifest.lock */,
				FA5CDE762ADBD7300093A7BB /* Sources */,
				FA5CDE772ADBD7300093A7BB /* Frameworks */,
				FA5CDE782ADBD7300093A7BB /* Resources */,
			);
			buildRules = (
			);
			dependencies = (
				FA5CDE7F2ADBD7300093A7BB /* PBXTargetDependency */,
			);
			name = WeatherAppTests;
			productName = WeatherAppTests;
			productReference = FA5CDE7A2ADBD7300093A7BB /* WeatherAppTests.xctest */;
			productType = "com.apple.product-type.bundle.unit-test";
		};
/* End PBXNativeTarget section */

/* Begin PBXProject section */
		B7E23B1026B46D1100DBF625 /* Project object */ = {
			isa = PBXProject;
			attributes = {
				LastSwiftUpdateCheck = 1430;
				LastUpgradeCheck = 1250;
				TargetAttributes = {
					B7E23B1726B46D1100DBF625 = {
						CreatedOnToolsVersion = 12.5;
					};
					FA5CDE582ADB1F690093A7BB = {
						CreatedOnToolsVersion = 14.3.1;
						TestTargetID = B7E23B1726B46D1100DBF625;
					};
					FA5CDE792ADBD7300093A7BB = {
						CreatedOnToolsVersion = 14.3.1;
						TestTargetID = B7E23B1726B46D1100DBF625;
					};
				};
			};
			buildConfigurationList = B7E23B1326B46D1100DBF625 /* Build configuration list for PBXProject "WeatherApp" */;
			compatibilityVersion = "Xcode 9.3";
			developmentRegion = en;
			hasScannedForEncodings = 0;
			knownRegions = (
				en,
				Base,
				ru,
			);
			mainGroup = B7E23B0F26B46D1100DBF625;
			packageReferences = (
				FA49FB372ADAA2150072EA49 /* XCRemoteSwiftPackageReference "SnapKit" */,
				FA49FB3F2ADAA56A0072EA49 /* XCRemoteSwiftPackageReference "Moya" */,
				FA49FB602ADAC9AA0072EA49 /* XCRemoteSwiftPackageReference "RxSwift" */,
			);
			productRefGroup = B7E23B1926B46D1100DBF625 /* Products */;
			projectDirPath = "";
			projectRoot = "";
			targets = (
				B7E23B1726B46D1100DBF625 /* WeatherApp */,
				FA5CDE582ADB1F690093A7BB /* WeatherAppUITests */,
				FA5CDE792ADBD7300093A7BB /* WeatherAppTests */,
			);
		};
/* End PBXProject section */

/* Begin PBXResourcesBuildPhase section */
		B7E23B1626B46D1100DBF625 /* Resources */ = {
			isa = PBXResourcesBuildPhase;
			buildActionMask = 2147483647;
			files = (
				B7E23B2B26B46D1500DBF625 /* LaunchScreen.storyboard in Resources */,
				FA2B047A2ADC0A130070700E /* direct?q=Moscow.json in Resources */,
				B7388E7B26B67CDB00B2763A /* Localizable.strings in Resources */,
				B7E23B2826B46D1500DBF625 /* Assets.xcassets in Resources */,
				B7E23B3326B46FF700DBF625 /* IconAssets.xcassets in Resources */,
			);
			runOnlyForDeploymentPostprocessing = 0;
		};
		FA5CDE572ADB1F690093A7BB /* Resources */ = {
			isa = PBXResourcesBuildPhase;
			buildActionMask = 2147483647;
			files = (
				FA2B047D2ADC105B0070700E /* direct?q=Moscow.json in Resources */,
			);
			runOnlyForDeploymentPostprocessing = 0;
		};
		FA5CDE782ADBD7300093A7BB /* Resources */ = {
			isa = PBXResourcesBuildPhase;
			buildActionMask = 2147483647;
			files = (
			);
			runOnlyForDeploymentPostprocessing = 0;
		};
/* End PBXResourcesBuildPhase section */

/* Begin PBXShellScriptBuildPhase section */
		1127489CC5010A5BF75A8D4E /* [CP] Check Pods Manifest.lock */ = {
			isa = PBXShellScriptBuildPhase;
			buildActionMask = 2147483647;
			files = (
			);
			inputFileListPaths = (
			);
			inputPaths = (
				"${PODS_PODFILE_DIR_PATH}/Podfile.lock",
				"${PODS_ROOT}/Manifest.lock",
			);
			name = "[CP] Check Pods Manifest.lock";
			outputFileListPaths = (
			);
			outputPaths = (
				"$(DERIVED_FILE_DIR)/Pods-WeatherApp-checkManifestLockResult.txt",
			);
			runOnlyForDeploymentPostprocessing = 0;
			shellPath = /bin/sh;
			shellScript = "diff \"${PODS_PODFILE_DIR_PATH}/Podfile.lock\" \"${PODS_ROOT}/Manifest.lock\" > /dev/null\nif [ $? != 0 ] ; then\n    # print error to STDERR\n    echo \"error: The sandbox is not in sync with the Podfile.lock. Run 'pod install' or update your CocoaPods installation.\" >&2\n    exit 1\nfi\n# This output is used by Xcode 'outputs' to avoid re-running this script phase.\necho \"SUCCESS\" > \"${SCRIPT_OUTPUT_FILE_0}\"\n";
			showEnvVarsInLog = 0;
		};
		320A8AD2625B8ADE7E807FF1 /* [CP] Check Pods Manifest.lock */ = {
			isa = PBXShellScriptBuildPhase;
			buildActionMask = 2147483647;
			files = (
			);
			inputFileListPaths = (
			);
			inputPaths = (
				"${PODS_PODFILE_DIR_PATH}/Podfile.lock",
				"${PODS_ROOT}/Manifest.lock",
			);
			name = "[CP] Check Pods Manifest.lock";
			outputFileListPaths = (
			);
			outputPaths = (
				"$(DERIVED_FILE_DIR)/Pods-WeatherAppUITests-checkManifestLockResult.txt",
			);
			runOnlyForDeploymentPostprocessing = 0;
			shellPath = /bin/sh;
			shellScript = "diff \"${PODS_PODFILE_DIR_PATH}/Podfile.lock\" \"${PODS_ROOT}/Manifest.lock\" > /dev/null\nif [ $? != 0 ] ; then\n    # print error to STDERR\n    echo \"error: The sandbox is not in sync with the Podfile.lock. Run 'pod install' or update your CocoaPods installation.\" >&2\n    exit 1\nfi\n# This output is used by Xcode 'outputs' to avoid re-running this script phase.\necho \"SUCCESS\" > \"${SCRIPT_OUTPUT_FILE_0}\"\n";
			showEnvVarsInLog = 0;
		};
		C9DD55867C53495EE5C1098F /* [CP] Check Pods Manifest.lock */ = {
			isa = PBXShellScriptBuildPhase;
			buildActionMask = 2147483647;
			files = (
			);
			inputFileListPaths = (
			);
			inputPaths = (
				"${PODS_PODFILE_DIR_PATH}/Podfile.lock",
				"${PODS_ROOT}/Manifest.lock",
			);
			name = "[CP] Check Pods Manifest.lock";
			outputFileListPaths = (
			);
			outputPaths = (
				"$(DERIVED_FILE_DIR)/Pods-WeatherAppTests-checkManifestLockResult.txt",
			);
			runOnlyForDeploymentPostprocessing = 0;
			shellPath = /bin/sh;
			shellScript = "diff \"${PODS_PODFILE_DIR_PATH}/Podfile.lock\" \"${PODS_ROOT}/Manifest.lock\" > /dev/null\nif [ $? != 0 ] ; then\n    # print error to STDERR\n    echo \"error: The sandbox is not in sync with the Podfile.lock. Run 'pod install' or update your CocoaPods installation.\" >&2\n    exit 1\nfi\n# This output is used by Xcode 'outputs' to avoid re-running this script phase.\necho \"SUCCESS\" > \"${SCRIPT_OUTPUT_FILE_0}\"\n";
			showEnvVarsInLog = 0;
		};
/* End PBXShellScriptBuildPhase section */

/* Begin PBXSourcesBuildPhase section */
		B7E23B1426B46D1100DBF625 /* Sources */ = {
			isa = PBXSourcesBuildPhase;
			buildActionMask = 2147483647;
			files = (
				B7388E8126B68A6B00B2763A /* AppFont.swift in Sources */,
				B7388E7026B5C34000B2763A /* WeatherResponse.swift in Sources */,
				FA49FB502ADAB1410072EA49 /* EmptyModel.swift in Sources */,
				FA5CDE6D2ADB2EC00093A7BB /* Types.swift in Sources */,
				B7388E9326B6C8C100B2763A /* Location.swift in Sources */,
				B7388E9D26B71C4D00B2763A /* WeatherItem.swift in Sources */,
				B7E23B6C26B56B6200DBF625 /* NetworkManager.swift in Sources */,
				B7E23B6226B545EA00DBF625 /* TabBarPresenter.swift in Sources */,
				B7388E9526B6EC4300B2763A /* LocalLanguageService.swift in Sources */,
				FA49FB3B2ADAA2C70072EA49 /* CityCell.swift in Sources */,
				FA49FB482ADAAD2C0072EA49 /* GeoRequestParameters.swift in Sources */,
				B7E23B6526B5480C00DBF625 /* IconAssets.swift in Sources */,
				FA5CDE652ADB22140093A7BB /* MainTabAccessibility.swift in Sources */,
				B7E23B3A26B4815400DBF625 /* IFlowCoordinator.swift in Sources */,
				B7388E7226B5CD2800B2763A /* WeatherServices.swift in Sources */,
				B7E23B6E26B581C500DBF625 /* MainTabPresenter.swift in Sources */,
				B7E23B4E26B52DE900DBF625 /* TabBarAssembly.swift in Sources */,
				B7E23B6726B55F0800DBF625 /* MainTabCoordinator.swift in Sources */,
				B7E23B4726B520D100DBF625 /* ModuleFactory.swift in Sources */,
				B7388E7626B5F17800B2763A /* AlertProvider.swift in Sources */,
				B7388E9126B6B9D700B2763A /* MainTabInteractor.swift in Sources */,
				FA2B047C2ADC0CC20070700E /* String+Extension.swift in Sources */,
				B7E23B5826B534C200DBF625 /* ForecastTabAssembly.swift in Sources */,
				B7E23B5026B5335100DBF625 /* MainTabAssembly.swift in Sources */,
				B7388E8A26B6A1C200B2763A /* UserDefaultsStorage.swift in Sources */,
				B7E23B5426B5347A00DBF625 /* MainTabViewController.swift in Sources */,
				FA2B04722ADC011D0070700E /* CommandLine+Extension.swift in Sources */,
				B7E23B3C26B4822D00DBF625 /* RootCoordinator.swift in Sources */,
				B7E23B6026B541F100DBF625 /* ForecastTabView.swift in Sources */,
				B7E23B7326B5894600DBF625 /* CitySearchViewController.swift in Sources */,
				B7388E9B26B7134900B2763A /* ForecastTabCell.swift in Sources */,
				FA49FB4E2ADAB0DB0072EA49 /* GeoService.swift in Sources */,
				B7E23B3F26B48F8D00DBF625 /* DependencyContainer.swift in Sources */,
				FA5CDE6F2ADB2F0A0093A7BB /* CitySearchAccessibility.swift in Sources */,
				B7388E8C26B6A1F700B2763A /* StorageKey.swift in Sources */,
				B7E23B5E26B5418300DBF625 /* MainTabView.swift in Sources */,
				B7388E9726B701CA00B2763A /* ForecastResponse.swift in Sources */,
				FA49FB4C2ADAAF150072EA49 /* JSONEncoder.swift in Sources */,
				B7388E6D26B5A59100B2763A /* CityInfo.swift in Sources */,
				B7388E7426B5D05200B2763A /* WeatherCondition.swift in Sources */,
				B7E23B5A26B53BF200DBF625 /* ForecastTabCoordinator.swift in Sources */,
				B7E23B1C26B46D1100DBF625 /* AppDelegate.swift in Sources */,
				B7388E8626B693F200B2763A /* Logger.swift in Sources */,
				B7388E8326B6927600B2763A /* WeatherDecorator.swift in Sources */,
				B7E23B5626B534A100DBF625 /* ForecastTabViewController.swift in Sources */,
				B7E23B4A26B522A600DBF625 /* TabBarViewController.swift in Sources */,
				B7E23B6926B5611800DBF625 /* BaseCoordinator.swift in Sources */,
				B7E23B5C26B53DF400DBF625 /* CoordinatorFactory.swift in Sources */,
				B7388E9926B7092B00B2763A /* ForecastTabInteractor.swift in Sources */,
				FA49FB522ADAC02D0072EA49 /* BaseTarget.swift in Sources */,
				B7388E7826B5F6E800B2763A /* CitySearchAssembly.swift in Sources */,
				FA49FB4A2ADAAEAD0072EA49 /* Encodable+Extension.swift in Sources */,
				B7E23B4426B51BB500DBF625 /* IDependencyProvider.swift in Sources */,
				FA49FB452ADAAA5E0072EA49 /* GeoRouter.swift in Sources */,
				B7388E8F26B6AC7400B2763A /* LocationManager.swift in Sources */,
				B7E23B7026B581D400DBF625 /* ForecastTabPresenter.swift in Sources */,
				FA49FB542ADAC4AF0072EA49 /* GeoResponse.swift in Sources */,
				FA49FB3E2ADAA40E0072EA49 /* TableViewCell+Extension.swift in Sources */,
				B7388E9F26B71E4200B2763A /* WeatherItemDecorator.swift in Sources */,
			);
			runOnlyForDeploymentPostprocessing = 0;
		};
		FA5CDE552ADB1F690093A7BB /* Sources */ = {
			isa = PBXSourcesBuildPhase;
			buildActionMask = 2147483647;
			files = (
				FA5CDE752ADB35430093A7BB /* CitySearchScreen.swift in Sources */,
				FA5CDE732ADB33F50093A7BB /* XCUIElement+Addition.swift in Sources */,
				FA5CDE5C2ADB1F690093A7BB /* WeatherAppUITests.swift in Sources */,
				FA5CDE702ADB2F1E0093A7BB /* CitySearchAccessibility.swift in Sources */,
				FA5CDE6B2ADB2C600093A7BB /* MainTabAccessibility.swift in Sources */,
				FA5CDE5E2ADB1F690093A7BB /* WeatherAppUITestsLaunchTests.swift in Sources */,
				FA30DD0F2ADBEB8600507828 /* Types.swift in Sources */,
				FA2B04732ADC01840070700E /* CommandLine+Extension.swift in Sources */,
				FA5CDE6A2ADB2A660093A7BB /* BaseScreen.swift in Sources */,
				FA5CDE682ADB240E0093A7BB /* MainTabScreen.swift in Sources */,
			);
			runOnlyForDeploymentPostprocessing = 0;
		};
		FA5CDE762ADBD7300093A7BB /* Sources */ = {
			isa = PBXSourcesBuildPhase;
			buildActionMask = 2147483647;
			files = (
				FA5CDE7D2ADBD7300093A7BB /* WeatherAppTests.swift in Sources */,
			);
			runOnlyForDeploymentPostprocessing = 0;
		};
/* End PBXSourcesBuildPhase section */

/* Begin PBXTargetDependency section */
		FA5CDE602ADB1F690093A7BB /* PBXTargetDependency */ = {
			isa = PBXTargetDependency;
			target = B7E23B1726B46D1100DBF625 /* WeatherApp */;
			targetProxy = FA5CDE5F2ADB1F690093A7BB /* PBXContainerItemProxy */;
		};
		FA5CDE7F2ADBD7300093A7BB /* PBXTargetDependency */ = {
			isa = PBXTargetDependency;
			target = B7E23B1726B46D1100DBF625 /* WeatherApp */;
			targetProxy = FA5CDE7E2ADBD7300093A7BB /* PBXContainerItemProxy */;
		};
/* End PBXTargetDependency section */

/* Begin PBXVariantGroup section */
		B7388E7D26B67CDB00B2763A /* Localizable.strings */ = {
			isa = PBXVariantGroup;
			children = (
				B7388E7C26B67CDB00B2763A /* en */,
				B7388E7F26B67D1B00B2763A /* ru */,
			);
			name = Localizable.strings;
			sourceTree = "<group>";
		};
		B7E23B2926B46D1500DBF625 /* LaunchScreen.storyboard */ = {
			isa = PBXVariantGroup;
			children = (
				B7E23B2A26B46D1500DBF625 /* Base */,
				B7388E7E26B67D1B00B2763A /* ru */,
			);
			name = LaunchScreen.storyboard;
			sourceTree = "<group>";
		};
/* End PBXVariantGroup section */

/* Begin XCBuildConfiguration section */
		B7E23B2D26B46D1500DBF625 /* Debug */ = {
			isa = XCBuildConfiguration;
			buildSettings = {
				ALWAYS_SEARCH_USER_PATHS = NO;
				CLANG_ANALYZER_LOCALIZABILITY_NONLOCALIZED = YES;
				CLANG_ANALYZER_NONNULL = YES;
				CLANG_ANALYZER_NUMBER_OBJECT_CONVERSION = YES_AGGRESSIVE;
				CLANG_CXX_LANGUAGE_STANDARD = "gnu++14";
				CLANG_CXX_LIBRARY = "libc++";
				CLANG_ENABLE_MODULES = YES;
				CLANG_ENABLE_OBJC_ARC = YES;
				CLANG_ENABLE_OBJC_WEAK = YES;
				CLANG_WARN_BLOCK_CAPTURE_AUTORELEASING = YES;
				CLANG_WARN_BOOL_CONVERSION = YES;
				CLANG_WARN_COMMA = YES;
				CLANG_WARN_CONSTANT_CONVERSION = YES;
				CLANG_WARN_DEPRECATED_OBJC_IMPLEMENTATIONS = YES;
				CLANG_WARN_DIRECT_OBJC_ISA_USAGE = YES_ERROR;
				CLANG_WARN_DOCUMENTATION_COMMENTS = YES;
				CLANG_WARN_EMPTY_BODY = YES;
				CLANG_WARN_ENUM_CONVERSION = YES;
				CLANG_WARN_INFINITE_RECURSION = YES;
				CLANG_WARN_INT_CONVERSION = YES;
				CLANG_WARN_NON_LITERAL_NULL_CONVERSION = YES;
				CLANG_WARN_OBJC_IMPLICIT_RETAIN_SELF = YES;
				CLANG_WARN_OBJC_LITERAL_CONVERSION = YES;
				CLANG_WARN_OBJC_ROOT_CLASS = YES_ERROR;
				CLANG_WARN_QUOTED_INCLUDE_IN_FRAMEWORK_HEADER = YES;
				CLANG_WARN_RANGE_LOOP_ANALYSIS = YES;
				CLANG_WARN_STRICT_PROTOTYPES = YES;
				CLANG_WARN_SUSPICIOUS_MOVE = YES;
				CLANG_WARN_UNGUARDED_AVAILABILITY = YES_AGGRESSIVE;
				CLANG_WARN_UNREACHABLE_CODE = YES;
				CLANG_WARN__DUPLICATE_METHOD_MATCH = YES;
				COPY_PHASE_STRIP = NO;
				DEBUG_INFORMATION_FORMAT = dwarf;
				ENABLE_STRICT_OBJC_MSGSEND = YES;
				ENABLE_TESTABILITY = YES;
				GCC_C_LANGUAGE_STANDARD = gnu11;
				GCC_DYNAMIC_NO_PIC = NO;
				GCC_NO_COMMON_BLOCKS = YES;
				GCC_OPTIMIZATION_LEVEL = 0;
				GCC_PREPROCESSOR_DEFINITIONS = (
					"DEBUG=1",
					"$(inherited)",
				);
				GCC_WARN_64_TO_32_BIT_CONVERSION = YES;
				GCC_WARN_ABOUT_RETURN_TYPE = YES_ERROR;
				GCC_WARN_UNDECLARED_SELECTOR = YES;
				GCC_WARN_UNINITIALIZED_AUTOS = YES_AGGRESSIVE;
				GCC_WARN_UNUSED_FUNCTION = YES;
				GCC_WARN_UNUSED_VARIABLE = YES;
				IPHONEOS_DEPLOYMENT_TARGET = 13.6;
				MTL_ENABLE_DEBUG_INFO = INCLUDE_SOURCE;
				MTL_FAST_MATH = YES;
				ONLY_ACTIVE_ARCH = YES;
				SDKROOT = iphoneos;
				SWIFT_ACTIVE_COMPILATION_CONDITIONS = DEBUG;
				SWIFT_OPTIMIZATION_LEVEL = "-Onone";
			};
			name = Debug;
		};
		B7E23B2E26B46D1500DBF625 /* Release */ = {
			isa = XCBuildConfiguration;
			buildSettings = {
				ALWAYS_SEARCH_USER_PATHS = NO;
				CLANG_ANALYZER_LOCALIZABILITY_NONLOCALIZED = YES;
				CLANG_ANALYZER_NONNULL = YES;
				CLANG_ANALYZER_NUMBER_OBJECT_CONVERSION = YES_AGGRESSIVE;
				CLANG_CXX_LANGUAGE_STANDARD = "gnu++14";
				CLANG_CXX_LIBRARY = "libc++";
				CLANG_ENABLE_MODULES = YES;
				CLANG_ENABLE_OBJC_ARC = YES;
				CLANG_ENABLE_OBJC_WEAK = YES;
				CLANG_WARN_BLOCK_CAPTURE_AUTORELEASING = YES;
				CLANG_WARN_BOOL_CONVERSION = YES;
				CLANG_WARN_COMMA = YES;
				CLANG_WARN_CONSTANT_CONVERSION = YES;
				CLANG_WARN_DEPRECATED_OBJC_IMPLEMENTATIONS = YES;
				CLANG_WARN_DIRECT_OBJC_ISA_USAGE = YES_ERROR;
				CLANG_WARN_DOCUMENTATION_COMMENTS = YES;
				CLANG_WARN_EMPTY_BODY = YES;
				CLANG_WARN_ENUM_CONVERSION = YES;
				CLANG_WARN_INFINITE_RECURSION = YES;
				CLANG_WARN_INT_CONVERSION = YES;
				CLANG_WARN_NON_LITERAL_NULL_CONVERSION = YES;
				CLANG_WARN_OBJC_IMPLICIT_RETAIN_SELF = YES;
				CLANG_WARN_OBJC_LITERAL_CONVERSION = YES;
				CLANG_WARN_OBJC_ROOT_CLASS = YES_ERROR;
				CLANG_WARN_QUOTED_INCLUDE_IN_FRAMEWORK_HEADER = YES;
				CLANG_WARN_RANGE_LOOP_ANALYSIS = YES;
				CLANG_WARN_STRICT_PROTOTYPES = YES;
				CLANG_WARN_SUSPICIOUS_MOVE = YES;
				CLANG_WARN_UNGUARDED_AVAILABILITY = YES_AGGRESSIVE;
				CLANG_WARN_UNREACHABLE_CODE = YES;
				CLANG_WARN__DUPLICATE_METHOD_MATCH = YES;
				COPY_PHASE_STRIP = NO;
				DEBUG_INFORMATION_FORMAT = "dwarf-with-dsym";
				ENABLE_NS_ASSERTIONS = NO;
				ENABLE_STRICT_OBJC_MSGSEND = YES;
				GCC_C_LANGUAGE_STANDARD = gnu11;
				GCC_NO_COMMON_BLOCKS = YES;
				GCC_WARN_64_TO_32_BIT_CONVERSION = YES;
				GCC_WARN_ABOUT_RETURN_TYPE = YES_ERROR;
				GCC_WARN_UNDECLARED_SELECTOR = YES;
				GCC_WARN_UNINITIALIZED_AUTOS = YES_AGGRESSIVE;
				GCC_WARN_UNUSED_FUNCTION = YES;
				GCC_WARN_UNUSED_VARIABLE = YES;
				IPHONEOS_DEPLOYMENT_TARGET = 13.6;
				MTL_ENABLE_DEBUG_INFO = NO;
				MTL_FAST_MATH = YES;
				SDKROOT = iphoneos;
				SWIFT_COMPILATION_MODE = wholemodule;
				SWIFT_OPTIMIZATION_LEVEL = "-O";
				VALIDATE_PRODUCT = YES;
			};
			name = Release;
		};
		B7E23B3026B46D1500DBF625 /* Debug */ = {
			isa = XCBuildConfiguration;
			baseConfigurationReference = 5D23C765ACE5FCE803559167 /* Pods-WeatherApp.debug.xcconfig */;
			buildSettings = {
				ASSETCATALOG_COMPILER_APPICON_NAME = AppIcon;
				ASSETCATALOG_COMPILER_GLOBAL_ACCENT_COLOR_NAME = AccentColor;
				CODE_SIGN_STYLE = Automatic;
				DEVELOPMENT_TEAM = WW2JW33J8J;
				INFOPLIST_FILE = WeatherApp/Info.plist;
				LD_RUNPATH_SEARCH_PATHS = (
					"$(inherited)",
					"@executable_path/Frameworks",
				);
				PRODUCT_BUNDLE_IDENTIFIER = ru.test.WeatherApp;
				PRODUCT_NAME = "$(TARGET_NAME)";
				SWIFT_VERSION = 5.0;
				TARGETED_DEVICE_FAMILY = "1,2";
			};
			name = Debug;
		};
		B7E23B3126B46D1500DBF625 /* Release */ = {
			isa = XCBuildConfiguration;
			baseConfigurationReference = 7B2640C445794473DE8B32E0 /* Pods-WeatherApp.release.xcconfig */;
			buildSettings = {
				ASSETCATALOG_COMPILER_APPICON_NAME = AppIcon;
				ASSETCATALOG_COMPILER_GLOBAL_ACCENT_COLOR_NAME = AccentColor;
				CODE_SIGN_STYLE = Automatic;
				DEVELOPMENT_TEAM = WW2JW33J8J;
				INFOPLIST_FILE = WeatherApp/Info.plist;
				LD_RUNPATH_SEARCH_PATHS = (
					"$(inherited)",
					"@executable_path/Frameworks",
				);
				PRODUCT_BUNDLE_IDENTIFIER = ru.test.WeatherApp;
				PRODUCT_NAME = "$(TARGET_NAME)";
				SWIFT_VERSION = 5.0;
				TARGETED_DEVICE_FAMILY = "1,2";
			};
			name = Release;
		};
		FA5CDE612ADB1F690093A7BB /* Debug */ = {
			isa = XCBuildConfiguration;
			baseConfigurationReference = 7374AB1846D0CD14708EC811 /* Pods-WeatherAppUITests.debug.xcconfig */;
			buildSettings = {
				CLANG_CXX_LANGUAGE_STANDARD = "gnu++20";
				CODE_SIGN_STYLE = Automatic;
				CURRENT_PROJECT_VERSION = 1;
				DEVELOPMENT_TEAM = WW2JW33J8J;
				GENERATE_INFOPLIST_FILE = YES;
				IPHONEOS_DEPLOYMENT_TARGET = 13.6;
				MARKETING_VERSION = 1.0;
				PRODUCT_BUNDLE_IDENTIFIER = test.WeatherAppUITests;
				PRODUCT_NAME = "$(TARGET_NAME)";
				SWIFT_EMIT_LOC_STRINGS = NO;
				SWIFT_VERSION = 5.0;
				TARGETED_DEVICE_FAMILY = "1,2";
				TEST_TARGET_NAME = WeatherApp;
			};
			name = Debug;
		};
		FA5CDE622ADB1F690093A7BB /* Release */ = {
			isa = XCBuildConfiguration;
			baseConfigurationReference = 73B40CCCCBF01E8DB2CE79A2 /* Pods-WeatherAppUITests.release.xcconfig */;
			buildSettings = {
				CLANG_CXX_LANGUAGE_STANDARD = "gnu++20";
				CODE_SIGN_STYLE = Automatic;
				CURRENT_PROJECT_VERSION = 1;
				DEVELOPMENT_TEAM = WW2JW33J8J;
				GENERATE_INFOPLIST_FILE = YES;
				IPHONEOS_DEPLOYMENT_TARGET = 13.6;
				MARKETING_VERSION = 1.0;
				PRODUCT_BUNDLE_IDENTIFIER = test.WeatherAppUITests;
				PRODUCT_NAME = "$(TARGET_NAME)";
				SWIFT_EMIT_LOC_STRINGS = NO;
				SWIFT_VERSION = 5.0;
				TARGETED_DEVICE_FAMILY = "1,2";
				TEST_TARGET_NAME = WeatherApp;
			};
			name = Release;
		};
		FA5CDE812ADBD7300093A7BB /* Debug */ = {
			isa = XCBuildConfiguration;
			baseConfigurationReference = FA2D689DE481C8FDC2EC2499 /* Pods-WeatherAppTests.debug.xcconfig */;
			buildSettings = {
				BUNDLE_LOADER = "$(TEST_HOST)";
				CLANG_CXX_LANGUAGE_STANDARD = "gnu++20";
				CODE_SIGN_STYLE = Automatic;
				CURRENT_PROJECT_VERSION = 1;
				DEVELOPMENT_TEAM = WW2JW33J8J;
				GENERATE_INFOPLIST_FILE = YES;
				IPHONEOS_DEPLOYMENT_TARGET = 13.6;
				MACOSX_DEPLOYMENT_TARGET = 13.3;
				MARKETING_VERSION = 1.0;
				PRODUCT_BUNDLE_IDENTIFIER = test.WeatherAppTests;
				PRODUCT_NAME = "$(TARGET_NAME)";
				SDKROOT = auto;
				SUPPORTED_PLATFORMS = "iphoneos iphonesimulator macosx";
				SWIFT_EMIT_LOC_STRINGS = NO;
				SWIFT_VERSION = 5.0;
				TARGETED_DEVICE_FAMILY = "1,2";
				TEST_HOST = "$(BUILT_PRODUCTS_DIR)/WeatherApp.app/$(BUNDLE_EXECUTABLE_FOLDER_PATH)/WeatherApp";
			};
			name = Debug;
		};
		FA5CDE822ADBD7300093A7BB /* Release */ = {
			isa = XCBuildConfiguration;
			baseConfigurationReference = F29853245A66AE3669F5FD39 /* Pods-WeatherAppTests.release.xcconfig */;
			buildSettings = {
				BUNDLE_LOADER = "$(TEST_HOST)";
				CLANG_CXX_LANGUAGE_STANDARD = "gnu++20";
				CODE_SIGN_STYLE = Automatic;
				CURRENT_PROJECT_VERSION = 1;
				DEVELOPMENT_TEAM = WW2JW33J8J;
				GENERATE_INFOPLIST_FILE = YES;
				IPHONEOS_DEPLOYMENT_TARGET = 13.6;
				MACOSX_DEPLOYMENT_TARGET = 13.3;
				MARKETING_VERSION = 1.0;
				PRODUCT_BUNDLE_IDENTIFIER = test.WeatherAppTests;
				PRODUCT_NAME = "$(TARGET_NAME)";
				SDKROOT = auto;
				SUPPORTED_PLATFORMS = "iphoneos iphonesimulator macosx";
				SWIFT_EMIT_LOC_STRINGS = NO;
				SWIFT_VERSION = 5.0;
				TARGETED_DEVICE_FAMILY = "1,2";
				TEST_HOST = "$(BUILT_PRODUCTS_DIR)/WeatherApp.app/$(BUNDLE_EXECUTABLE_FOLDER_PATH)/WeatherApp";
			};
			name = Release;
		};
/* End XCBuildConfiguration section */

/* Begin XCConfigurationList section */
		B7E23B1326B46D1100DBF625 /* Build configuration list for PBXProject "WeatherApp" */ = {
			isa = XCConfigurationList;
			buildConfigurations = (
				B7E23B2D26B46D1500DBF625 /* Debug */,
				B7E23B2E26B46D1500DBF625 /* Release */,
			);
			defaultConfigurationIsVisible = 0;
			defaultConfigurationName = Release;
		};
		B7E23B2F26B46D1500DBF625 /* Build configuration list for PBXNativeTarget "WeatherApp" */ = {
			isa = XCConfigurationList;
			buildConfigurations = (
				B7E23B3026B46D1500DBF625 /* Debug */,
				B7E23B3126B46D1500DBF625 /* Release */,
			);
			defaultConfigurationIsVisible = 0;
			defaultConfigurationName = Release;
		};
		FA5CDE632ADB1F690093A7BB /* Build configuration list for PBXNativeTarget "WeatherAppUITests" */ = {
			isa = XCConfigurationList;
			buildConfigurations = (
				FA5CDE612ADB1F690093A7BB /* Debug */,
				FA5CDE622ADB1F690093A7BB /* Release */,
			);
			defaultConfigurationIsVisible = 0;
			defaultConfigurationName = Release;
		};
		FA5CDE802ADBD7300093A7BB /* Build configuration list for PBXNativeTarget "WeatherAppTests" */ = {
			isa = XCConfigurationList;
			buildConfigurations = (
				FA5CDE812ADBD7300093A7BB /* Debug */,
				FA5CDE822ADBD7300093A7BB /* Release */,
			);
			defaultConfigurationIsVisible = 0;
			defaultConfigurationName = Release;
		};
/* End XCConfigurationList section */

/* Begin XCRemoteSwiftPackageReference section */
		FA49FB372ADAA2150072EA49 /* XCRemoteSwiftPackageReference "SnapKit" */ = {
			isa = XCRemoteSwiftPackageReference;
			repositoryURL = "https://github.com/SnapKit/SnapKit.git";
			requirement = {
				kind = upToNextMajorVersion;
				minimumVersion = 5.0.0;
			};
		};
		FA49FB3F2ADAA56A0072EA49 /* XCRemoteSwiftPackageReference "Moya" */ = {
			isa = XCRemoteSwiftPackageReference;
			repositoryURL = "https://github.com/Moya/Moya";
			requirement = {
				kind = upToNextMajorVersion;
				minimumVersion = 15.0.0;
			};
		};
		FA49FB602ADAC9AA0072EA49 /* XCRemoteSwiftPackageReference "RxSwift" */ = {
			isa = XCRemoteSwiftPackageReference;
			repositoryURL = "https://github.com/ReactiveX/RxSwift.git";
			requirement = {
				kind = upToNextMajorVersion;
				minimumVersion = 6.0.0;
			};
		};
/* End XCRemoteSwiftPackageReference section */

/* Begin XCSwiftPackageProductDependency section */
		FA49FB382ADAA2150072EA49 /* SnapKit */ = {
			isa = XCSwiftPackageProductDependency;
			package = FA49FB372ADAA2150072EA49 /* XCRemoteSwiftPackageReference "SnapKit" */;
			productName = SnapKit;
		};
		FA49FB402ADAA56A0072EA49 /* Moya */ = {
			isa = XCSwiftPackageProductDependency;
			package = FA49FB3F2ADAA56A0072EA49 /* XCRemoteSwiftPackageReference "Moya" */;
			productName = Moya;
		};
		FA49FB422ADAA56A0072EA49 /* RxMoya */ = {
			isa = XCSwiftPackageProductDependency;
			package = FA49FB3F2ADAA56A0072EA49 /* XCRemoteSwiftPackageReference "Moya" */;
			productName = RxMoya;
		};
		FA49FB612ADAC9AA0072EA49 /* RxCocoa */ = {
			isa = XCSwiftPackageProductDependency;
			package = FA49FB602ADAC9AA0072EA49 /* XCRemoteSwiftPackageReference "RxSwift" */;
			productName = RxCocoa;
		};
		FA49FB632ADAC9AA0072EA49 /* RxRelay */ = {
			isa = XCSwiftPackageProductDependency;
			package = FA49FB602ADAC9AA0072EA49 /* XCRemoteSwiftPackageReference "RxSwift" */;
			productName = RxRelay;
		};
		FA49FB652ADAC9AA0072EA49 /* RxSwift */ = {
			isa = XCSwiftPackageProductDependency;
			package = FA49FB602ADAC9AA0072EA49 /* XCRemoteSwiftPackageReference "RxSwift" */;
			productName = RxSwift;
		};
/* End XCSwiftPackageProductDependency section */
	};
	rootObject = B7E23B1026B46D1100DBF625 /* Project object */;
}
